
Microsoft Visual Studio Solution File, Format Version 11.00
# Visual Studio 2010
Project("{FAE04EC0-301F-11D3-BF4B-00C04F79EFBC}") = "PortafolioFinal_Chat", "PortafolioFinal_Chat\PortafolioFinal_Chat.csproj", "{E10A510E-704A-4DF1-AF6F-FAEFAEEC4457}"
EndProject
Global
	GlobalSection(SolutionConfigurationPlatforms) = preSolution
		Debug|Any CPU = Debug|Any CPU
		Release|Any CPU = Release|Any CPU
	EndGlobalSection
	GlobalSection(ProjectConfigurationPlatforms) = postSolution
		{E10A510E-704A-4DF1-AF6F-FAEFAEEC4457}.Debug|Any CPU.ActiveCfg = Debug|Any CPU
		{E10A510E-704A-4DF1-AF6F-FAEFAEEC4457}.Debug|Any CPU.Build.0 = Debug|Any CPU
		{E10A510E-704A-4DF1-AF6F-FAEFAEEC4457}.Release|Any CPU.ActiveCfg = Release|Any CPU
		{E10A510E-704A-4DF1-AF6F-FAEFAEEC4457}.Release|Any CPU.Build.0 = Release|Any CPU
	EndGlobalSection
	GlobalSection(MonoDevelopProperties) = preSolution
		StartupItem = PortafolioFinal_Chat\PortafolioFinal_Chat.csproj
	EndGlobalSection
EndGlobal
